
Microsoft Visual Studio Solution File, Format Version 12.00
# Visual Studio 14
VisualStudioVersion = 14.0.23107.0
MinimumVisualStudioVersion = 10.0.40219.1
Project("{FAE04EC0-301F-11D3-BF4B-00C04F79EFBC}") = "ZotapayTest", "ZotapayTest\ZotapayTest.csproj", "{992235E0-7AC3-451F-A37D-6357320A9FF7}"
EndProject
Project("{FAE04EC0-301F-11D3-BF4B-00C04F79EFBC}") = "Leverate.Zotapay", "Leverate.Zotapay\Leverate.Zotapay.csproj", "{D5EA29ED-D57E-4DF3-8877-814232373CDA}"
EndProject
Global
	GlobalSection(SolutionConfigurationPlatforms) = preSolution
		Debug|Any CPU = Debug|Any CPU
		Release|Any CPU = Release|Any CPU
	EndGlobalSection
	GlobalSection(ProjectConfigurationPlatforms) = postSolution
		{992235E0-7AC3-451F-A37D-6357320A9FF7}.Debug|Any CPU.ActiveCfg = Debug|Any CPU
		{992235E0-7AC3-451F-A37D-6357320A9FF7}.Debug|Any CPU.Build.0 = Debug|Any CPU
		{992235E0-7AC3-451F-A37D-6357320A9FF7}.Release|Any CPU.ActiveCfg = Release|Any CPU
		{992235E0-7AC3-451F-A37D-6357320A9FF7}.Release|Any CPU.Build.0 = Release|Any CPU
		{D5EA29ED-D57E-4DF3-8877-814232373CDA}.Debug|Any CPU.ActiveCfg = Debug|Any CPU
		{D5EA29ED-D57E-4DF3-8877-814232373CDA}.Debug|Any CPU.Build.0 = Debug|Any CPU
		{D5EA29ED-D57E-4DF3-8877-814232373CDA}.Release|Any CPU.ActiveCfg = Release|Any CPU
		{D5EA29ED-D57E-4DF3-8877-814232373CDA}.Release|Any CPU.Build.0 = Release|Any CPU
	EndGlobalSection
	GlobalSection(SolutionProperties) = preSolution
		HideSolutionNode = FALSE
	EndGlobalSection
EndGlobal
